
Microsoft Visual Studio Solution File, Format Version 12.00
# Visual Studio 15
VisualStudioVersion = 15.0.26730.16
MinimumVisualStudioVersion = 10.0.40219.1
Project("{9A19103F-16F7-4668-BE54-9A1E7A4F7556}") = "Alexa.School.Data", "Alexa.School.Data\Alexa.School.Data.csproj", "{D86967E7-5C2C-4D1E-93AF-68983C36CD29}"
EndProject
Project("{9A19103F-16F7-4668-BE54-9A1E7A4F7556}") = "Alexa.School.Data.Tests", "Alexa.School.Data.Tests\Alexa.School.Data.Tests.csproj", "{0D8A178B-A231-448A-8C37-23FB1A4BE794}"
EndProject
Global
	GlobalSection(SolutionConfigurationPlatforms) = preSolution
		Debug|Any CPU = Debug|Any CPU
		Release|Any CPU = Release|Any CPU
	EndGlobalSection
	GlobalSection(ProjectConfigurationPlatforms) = postSolution
		{D86967E7-5C2C-4D1E-93AF-68983C36CD29}.Debug|Any CPU.ActiveCfg = Debug|Any CPU
		{D86967E7-5C2C-4D1E-93AF-68983C36CD29}.Debug|Any CPU.Build.0 = Debug|Any CPU
		{D86967E7-5C2C-4D1E-93AF-68983C36CD29}.Release|Any CPU.ActiveCfg = Release|Any CPU
		{D86967E7-5C2C-4D1E-93AF-68983C36CD29}.Release|Any CPU.Build.0 = Release|Any CPU
		{0D8A178B-A231-448A-8C37-23FB1A4BE794}.Debug|Any CPU.ActiveCfg = Debug|Any CPU
		{0D8A178B-A231-448A-8C37-23FB1A4BE794}.Debug|Any CPU.Build.0 = Debug|Any CPU
		{0D8A178B-A231-448A-8C37-23FB1A4BE794}.Release|Any CPU.ActiveCfg = Release|Any CPU
		{0D8A178B-A231-448A-8C37-23FB1A4BE794}.Release|Any CPU.Build.0 = Release|Any CPU
	EndGlobalSection
	GlobalSection(SolutionProperties) = preSolution
		HideSolutionNode = FALSE
	EndGlobalSection
	GlobalSection(ExtensibilityGlobals) = postSolution
		SolutionGuid = {E80B9615-B0EB-4DD7-9B65-63659DDECFC6}
	EndGlobalSection
EndGlobal
